# This file is automatically @generated by Cargo.
# It is not intended for manual editing.
[[package]]
name = "aho-corasick"
version = "0.7.15"
source = "registry+https://github.com/rust-lang/crates.io-index"
checksum = "7404febffaa47dac81aa44dba71523c9d069b1bdc50a77db41195149e17f68e5"
dependencies = [
 "memchr",
]

[[package]]
name = "assert_cmd"
version = "1.0.2"
source = "registry+https://github.com/rust-lang/crates.io-index"
checksum = "3dc1679af9a1ab4bea16f228b05d18f8363f8327b1fa8db00d2760cfafc6b61e"
dependencies = [
 "doc-comment",
 "predicates",
 "predicates-core",
 "predicates-tree",
 "wait-timeout",
]

[[package]]
name = "assert_fs"
version = "1.0.0"
source = "registry+https://github.com/rust-lang/crates.io-index"
checksum = "04dabd011e19821a348abb0dec7b7fda959cd6b3477c474395b958b291942b0e"
dependencies = [
 "doc-comment",
 "globwalk",
 "predicates",
 "predicates-core",
 "predicates-tree",
 "tempfile",
]

[[package]]
name = "atty"
version = "0.2.14"
source = "registry+https://github.com/rust-lang/crates.io-index"
checksum = "d9b39be18770d11421cdb1b9947a45dd3f37e93092cbf377614828a319d5fee8"
dependencies = [
 "hermit-abi",
 "libc",
 "winapi 0.3.9",
]

[[package]]
name = "autocfg"
version = "1.0.1"
source = "registry+https://github.com/rust-lang/crates.io-index"
checksum = "cdb031dd78e28731d87d56cc8ffef4a8f36ca26c38fe2de700543e627f8a464a"

[[package]]
name = "bitflags"
version = "1.2.1"
source = "registry+https://github.com/rust-lang/crates.io-index"
checksum = "cf1de2fe8c75bc145a2f577add951f8134889b4795d47466a54a5c846d691693"

[[package]]
name = "bstr"
version = "0.2.14"
source = "registry+https://github.com/rust-lang/crates.io-index"
checksum = "473fc6b38233f9af7baa94fb5852dca389e3d95b8e21c8e3719301462c5d9faf"
dependencies = [
 "lazy_static",
 "memchr",
 "regex-automata",
 "serde",
]

[[package]]
name = "byteorder"
version = "1.3.4"
source = "registry+https://github.com/rust-lang/crates.io-index"
checksum = "08c48aae112d48ed9f069b33538ea9e3e90aa263cfa3d1c24309612b1f7472de"

[[package]]
name = "cfg-if"
version = "0.1.10"
source = "registry+https://github.com/rust-lang/crates.io-index"
checksum = "4785bdd1c96b2a846b2bd7cc02e86b6b3dbf14e7e53446c4f54c92a361040822"

[[package]]
name = "cfg-if"
version = "1.0.0"
source = "registry+https://github.com/rust-lang/crates.io-index"
checksum = "baf1de4339761588bc0619e3cbc0120ee582ebb74b53b4efbf79117bd2da40fd"

[[package]]
name = "chrono"
version = "0.4.19"
source = "registry+https://github.com/rust-lang/crates.io-index"
checksum = "670ad68c9088c2a963aaa298cb369688cf3f9465ce5e2d4ca10e6e0098a1ce73"
dependencies = [
 "libc",
 "num-integer",
 "num-traits",
 "serde",
 "time",
 "winapi 0.3.9",
]

[[package]]
name = "cloudabi"
version = "0.1.0"
source = "registry+https://github.com/rust-lang/crates.io-index"
checksum = "4344512281c643ae7638bbabc3af17a11307803ec8f0fcad9fae512a8bf36467"
dependencies = [
 "bitflags",
]

[[package]]
name = "colored"
version = "2.0.0"
source = "registry+https://github.com/rust-lang/crates.io-index"
checksum = "b3616f750b84d8f0de8a58bda93e08e2a81ad3f523089b05f1dffecab48c6cbd"
dependencies = [
 "atty",
 "lazy_static",
 "winapi 0.3.9",
]

[[package]]
name = "comfy-table"
version = "1.3.0"
source = "registry+https://github.com/rust-lang/crates.io-index"
checksum = "df0b20f1759aaf0b31d68fed62ff31ecb887243f53ce4dc87f95dae2ec795f0c"
dependencies = [
 "crossterm",
 "strum",
 "strum_macros",
]

[[package]]
name = "crossbeam-utils"
version = "0.8.1"
source = "registry+https://github.com/rust-lang/crates.io-index"
checksum = "02d96d1e189ef58269ebe5b97953da3274d83a93af647c2ddd6f9dab28cedb8d"
dependencies = [
 "autocfg",
 "cfg-if 1.0.0",
 "lazy_static",
]

[[package]]
name = "crossterm"
version = "0.18.2"
source = "registry+https://github.com/rust-lang/crates.io-index"
checksum = "4e86d73f2a0b407b5768d10a8c720cf5d2df49a9efc10ca09176d201ead4b7fb"
dependencies = [
 "bitflags",
 "crossterm_winapi",
 "lazy_static",
 "libc",
 "mio 0.7.6",
 "parking_lot",
 "signal-hook",
 "winapi 0.3.9",
]

[[package]]
name = "crossterm_winapi"
version = "0.6.2"
source = "registry+https://github.com/rust-lang/crates.io-index"
checksum = "c2265c3f8e080075d9b6417aa72293fc71662f34b4af2612d8d1b074d29510db"
dependencies = [
 "winapi 0.3.9",
]

[[package]]
name = "csv"
version = "1.1.5"
source = "registry+https://github.com/rust-lang/crates.io-index"
checksum = "f9d58633299b24b515ac72a3f869f8b91306a3cec616a602843a383acd6f9e97"
dependencies = [
 "bstr",
 "csv-core",
 "itoa",
 "ryu",
 "serde",
]

[[package]]
name = "csv-core"
version = "0.1.10"
source = "registry+https://github.com/rust-lang/crates.io-index"
checksum = "2b2466559f260f48ad25fe6317b3c8dac77b5bdb5763ac7d9d6103530663bc90"
dependencies = [
 "memchr",
]

[[package]]
name = "difference"
version = "2.0.0"
source = "registry+https://github.com/rust-lang/crates.io-index"
checksum = "524cbf6897b527295dff137cec09ecf3a05f4fddffd7dfcd1585403449e74198"

[[package]]
name = "dirs-next"
version = "2.0.0"
source = "registry+https://github.com/rust-lang/crates.io-index"
checksum = "b98cf8ebf19c3d1b223e151f99a4f9f0690dca41414773390fc824184ac833e1"
dependencies = [
 "cfg-if 1.0.0",
 "dirs-sys-next",
]

[[package]]
name = "dirs-sys-next"
version = "0.1.1"
source = "registry+https://github.com/rust-lang/crates.io-index"
checksum = "99de365f605554ae33f115102a02057d4fc18b01f3284d6870be0938743cfe7d"
dependencies = [
 "libc",
 "redox_users",
 "winapi 0.3.9",
]

[[package]]
name = "dlog"
version = "0.1.0"
dependencies = [
 "assert_cmd",
 "assert_fs",
 "chrono",
 "colored",
 "comfy-table",
 "csv",
 "dirs-next",
 "env_logger",
 "log",
 "notify",
 "parse_duration",
 "pico-args",
 "serde",
 "toml",
 "uom",
]

[[package]]
name = "doc-comment"
version = "0.3.3"
source = "registry+https://github.com/rust-lang/crates.io-index"
checksum = "fea41bba32d969b513997752735605054bc0dfa92b4c56bf1189f2e174be7a10"

[[package]]
name = "env_logger"
version = "0.8.2"
source = "registry+https://github.com/rust-lang/crates.io-index"
checksum = "f26ecb66b4bdca6c1409b40fb255eefc2bd4f6d135dab3c3124f80ffa2a9661e"
dependencies = [
 "atty",
 "humantime",
 "log",
 "regex",
 "termcolor",
]

[[package]]
name = "filetime"
version = "0.2.13"
source = "registry+https://github.com/rust-lang/crates.io-index"
checksum = "0c122a393ea57648015bf06fbd3d372378992e86b9ff5a7a497b076a28c79efe"
dependencies = [
 "cfg-if 1.0.0",
 "libc",
 "redox_syscall",
 "winapi 0.3.9",
]

[[package]]
name = "float-cmp"
version = "0.8.0"
source = "registry+https://github.com/rust-lang/crates.io-index"
checksum = "e1267f4ac4f343772758f7b1bdcbe767c218bbab93bb432acbf5162bbf85a6c4"
dependencies = [
 "num-traits",
]

[[package]]
name = "fnv"
version = "1.0.7"
source = "registry+https://github.com/rust-lang/crates.io-index"
checksum = "3f9eec918d3f24069decb9af1554cad7c880e2da24a9afd88aca000531ab82c1"

[[package]]
name = "fsevent"
version = "0.4.0"
source = "registry+https://github.com/rust-lang/crates.io-index"
checksum = "5ab7d1bd1bd33cc98b0889831b72da23c0aa4df9cec7e0702f46ecea04b35db6"
dependencies = [
 "bitflags",
 "fsevent-sys",
]

[[package]]
name = "fsevent-sys"
version = "2.0.1"
source = "registry+https://github.com/rust-lang/crates.io-index"
checksum = "f41b048a94555da0f42f1d632e2e19510084fb8e303b0daa2816e733fb3644a0"
dependencies = [
 "libc",
]

[[package]]
name = "fuchsia-zircon"
version = "0.3.3"
source = "registry+https://github.com/rust-lang/crates.io-index"
checksum = "2e9763c69ebaae630ba35f74888db465e49e259ba1bc0eda7d06f4a067615d82"
dependencies = [
 "bitflags",
 "fuchsia-zircon-sys",
]

[[package]]
name = "fuchsia-zircon-sys"
version = "0.3.3"
source = "registry+https://github.com/rust-lang/crates.io-index"
checksum = "3dcaa9ae7725d12cdb85b3ad99a434db70b468c09ded17e012d86b5c1010f7a7"

[[package]]
name = "getrandom"
version = "0.1.15"
source = "registry+https://github.com/rust-lang/crates.io-index"
checksum = "fc587bc0ec293155d5bfa6b9891ec18a1e330c234f896ea47fbada4cadbe47e6"
dependencies = [
 "cfg-if 0.1.10",
 "libc",
 "wasi 0.9.0+wasi-snapshot-preview1",
]

[[package]]
name = "globset"
version = "0.4.6"
source = "registry+https://github.com/rust-lang/crates.io-index"
checksum = "c152169ef1e421390738366d2f796655fec62621dabbd0fd476f905934061e4a"
dependencies = [
 "aho-corasick",
 "bstr",
 "fnv",
 "log",
 "regex",
]

[[package]]
name = "globwalk"
version = "0.7.3"
source = "registry+https://github.com/rust-lang/crates.io-index"
checksum = "d9db17aec586697a93219b19726b5b68307eba92898c34b170857343fe67c99d"
dependencies = [
 "ignore",
 "walkdir",
]

[[package]]
name = "heck"
version = "0.3.1"
source = "registry+https://github.com/rust-lang/crates.io-index"
checksum = "20564e78d53d2bb135c343b3f47714a56af2061f1c928fdb541dc7b9fdd94205"
dependencies = [
 "unicode-segmentation",
]

[[package]]
name = "hermit-abi"
version = "0.1.17"
source = "registry+https://github.com/rust-lang/crates.io-index"
checksum = "5aca5565f760fb5b220e499d72710ed156fdb74e631659e99377d9ebfbd13ae8"
dependencies = [
 "libc",
]

[[package]]
name = "humantime"
version = "2.0.1"
source = "registry+https://github.com/rust-lang/crates.io-index"
checksum = "3c1ad908cc71012b7bea4d0c53ba96a8cba9962f048fa68d143376143d863b7a"

[[package]]
name = "ignore"
version = "0.4.17"
source = "registry+https://github.com/rust-lang/crates.io-index"
checksum = "b287fb45c60bb826a0dc68ff08742b9d88a2fea13d6e0c286b3172065aaf878c"
dependencies = [
 "crossbeam-utils",
 "globset",
 "lazy_static",
 "log",
 "memchr",
 "regex",
 "same-file",
 "thread_local",
 "walkdir",
 "winapi-util",
]

[[package]]
name = "inotify"
version = "0.7.1"
source = "registry+https://github.com/rust-lang/crates.io-index"
checksum = "4816c66d2c8ae673df83366c18341538f234a26d65a9ecea5c348b453ac1d02f"
dependencies = [
 "bitflags",
 "inotify-sys",
 "libc",
]

[[package]]
name = "inotify-sys"
version = "0.1.4"
source = "registry+https://github.com/rust-lang/crates.io-index"
checksum = "c4563555856585ab3180a5bf0b2f9f8d301a728462afffc8195b3f5394229c55"
dependencies = [
 "libc",
]

[[package]]
name = "instant"
version = "0.1.9"
source = "registry+https://github.com/rust-lang/crates.io-index"
checksum = "61124eeebbd69b8190558df225adf7e4caafce0d743919e5d6b19652314ec5ec"
dependencies = [
 "cfg-if 1.0.0",
]

[[package]]
name = "iovec"
version = "0.1.4"
source = "registry+https://github.com/rust-lang/crates.io-index"
checksum = "b2b3ea6ff95e175473f8ffe6a7eb7c00d054240321b84c57051175fe3c1e075e"
dependencies = [
 "libc",
]

[[package]]
name = "itoa"
version = "0.4.6"
source = "registry+https://github.com/rust-lang/crates.io-index"
checksum = "dc6f3ad7b9d11a0c00842ff8de1b60ee58661048eb8049ed33c73594f359d7e6"

[[package]]
name = "kernel32-sys"
version = "0.2.2"
source = "registry+https://github.com/rust-lang/crates.io-index"
checksum = "7507624b29483431c0ba2d82aece8ca6cdba9382bff4ddd0f7490560c056098d"
dependencies = [
 "winapi 0.2.8",
 "winapi-build",
]

[[package]]
name = "lazy_static"
version = "1.4.0"
source = "registry+https://github.com/rust-lang/crates.io-index"
checksum = "e2abad23fbc42b3700f2f279844dc832adb2b2eb069b2df918f455c4e18cc646"

[[package]]
name = "lazycell"
version = "1.3.0"
source = "registry+https://github.com/rust-lang/crates.io-index"
checksum = "830d08ce1d1d941e6b30645f1a0eb5643013d835ce3779a5fc208261dbe10f55"

[[package]]
name = "libc"
version = "0.2.80"
source = "registry+https://github.com/rust-lang/crates.io-index"
checksum = "4d58d1b70b004888f764dfbf6a26a3b0342a1632d33968e4a179d8011c760614"

[[package]]
name = "lock_api"
version = "0.4.2"
source = "registry+https://github.com/rust-lang/crates.io-index"
checksum = "dd96ffd135b2fd7b973ac026d28085defbe8983df057ced3eb4f2130b0831312"
dependencies = [
 "scopeguard",
]

[[package]]
name = "log"
version = "0.4.11"
source = "registry+https://github.com/rust-lang/crates.io-index"
checksum = "4fabed175da42fed1fa0746b0ea71f412aa9d35e76e95e59b192c64b9dc2bf8b"
dependencies = [
 "cfg-if 0.1.10",
]

[[package]]
name = "memchr"
version = "2.3.4"
source = "registry+https://github.com/rust-lang/crates.io-index"
checksum = "0ee1c47aaa256ecabcaea351eae4a9b01ef39ed810004e298d2511ed284b1525"

[[package]]
name = "mio"
version = "0.6.22"
source = "registry+https://github.com/rust-lang/crates.io-index"
checksum = "fce347092656428bc8eaf6201042cb551b8d67855af7374542a92a0fbfcac430"
dependencies = [
 "cfg-if 0.1.10",
 "fuchsia-zircon",
 "fuchsia-zircon-sys",
 "iovec",
 "kernel32-sys",
 "libc",
 "log",
 "miow 0.2.2",
 "net2",
 "slab",
 "winapi 0.2.8",
]

[[package]]
name = "mio"
version = "0.7.6"
source = "registry+https://github.com/rust-lang/crates.io-index"
checksum = "f33bc887064ef1fd66020c9adfc45bb9f33d75a42096c81e7c56c65b75dd1a8b"
dependencies = [
 "libc",
 "log",
 "miow 0.3.6",
 "ntapi",
 "winapi 0.3.9",
]

[[package]]
name = "mio-extras"
version = "2.0.6"
source = "registry+https://github.com/rust-lang/crates.io-index"
checksum = "52403fe290012ce777c4626790c8951324a2b9e3316b3143779c72b029742f19"
dependencies = [
 "lazycell",
 "log",
 "mio 0.6.22",
 "slab",
]

[[package]]
name = "miow"
version = "0.2.2"
source = "registry+https://github.com/rust-lang/crates.io-index"
checksum = "ebd808424166322d4a38da87083bfddd3ac4c131334ed55856112eb06d46944d"
dependencies = [
 "kernel32-sys",
 "net2",
 "winapi 0.2.8",
 "ws2_32-sys",
]

[[package]]
name = "miow"
version = "0.3.6"
source = "registry+https://github.com/rust-lang/crates.io-index"
checksum = "5a33c1b55807fbed163481b5ba66db4b2fa6cde694a5027be10fb724206c5897"
dependencies = [
 "socket2",
 "winapi 0.3.9",
]

[[package]]
name = "net2"
version = "0.2.36"
source = "registry+https://github.com/rust-lang/crates.io-index"
checksum = "d7cf75f38f16cb05ea017784dc6dbfd354f76c223dba37701734c4f5a9337d02"
dependencies = [
 "cfg-if 0.1.10",
 "libc",
 "winapi 0.3.9",
]

[[package]]
name = "normalize-line-endings"
version = "0.3.0"
source = "registry+https://github.com/rust-lang/crates.io-index"
checksum = "61807f77802ff30975e01f4f071c8ba10c022052f98b3294119f3e615d13e5be"

[[package]]
name = "notify"
version = "4.0.15"
source = "registry+https://github.com/rust-lang/crates.io-index"
checksum = "80ae4a7688d1fab81c5bf19c64fc8db920be8d519ce6336ed4e7efe024724dbd"
dependencies = [
 "bitflags",
 "filetime",
 "fsevent",
 "fsevent-sys",
 "inotify",
 "libc",
 "mio 0.6.22",
 "mio-extras",
 "walkdir",
 "winapi 0.3.9",
]

[[package]]
name = "ntapi"
version = "0.3.6"
source = "registry+https://github.com/rust-lang/crates.io-index"
checksum = "3f6bb902e437b6d86e03cce10a7e2af662292c5dfef23b65899ea3ac9354ad44"
dependencies = [
 "winapi 0.3.9",
]

[[package]]
name = "num"
version = "0.2.1"
source = "registry+https://github.com/rust-lang/crates.io-index"
checksum = "b8536030f9fea7127f841b45bb6243b27255787fb4eb83958aa1ef9d2fdc0c36"
dependencies = [
 "num-bigint",
 "num-complex",
 "num-integer",
 "num-iter",
 "num-rational",
 "num-traits",
]

[[package]]
name = "num-bigint"
version = "0.2.6"
source = "registry+https://github.com/rust-lang/crates.io-index"
checksum = "090c7f9998ee0ff65aa5b723e4009f7b217707f1fb5ea551329cc4d6231fb304"
dependencies = [
 "autocfg",
 "num-integer",
 "num-traits",
]

[[package]]
name = "num-complex"
version = "0.2.4"
source = "registry+https://github.com/rust-lang/crates.io-index"
checksum = "b6b19411a9719e753aff12e5187b74d60d3dc449ec3f4dc21e3989c3f554bc95"
dependencies = [
 "autocfg",
 "num-traits",
]

[[package]]
name = "num-integer"
version = "0.1.44"
source = "registry+https://github.com/rust-lang/crates.io-index"
checksum = "d2cc698a63b549a70bc047073d2949cce27cd1c7b0a4a862d08a8031bc2801db"
dependencies = [
 "autocfg",
 "num-traits",
]

[[package]]
name = "num-iter"
version = "0.1.42"
source = "registry+https://github.com/rust-lang/crates.io-index"
checksum = "b2021c8337a54d21aca0d59a92577a029af9431cb59b909b03252b9c164fad59"
dependencies = [
 "autocfg",
 "num-integer",
 "num-traits",
]

[[package]]
name = "num-rational"
version = "0.2.4"
source = "registry+https://github.com/rust-lang/crates.io-index"
checksum = "5c000134b5dbf44adc5cb772486d335293351644b801551abe8f75c84cfa4aef"
dependencies = [
 "autocfg",
 "num-bigint",
 "num-integer",
 "num-traits",
]

[[package]]
name = "num-traits"
version = "0.2.14"
source = "registry+https://github.com/rust-lang/crates.io-index"
checksum = "9a64b1ec5cda2586e284722486d802acf1f7dbdc623e2bfc57e65ca1cd099290"
dependencies = [
 "autocfg",
]

[[package]]
name = "parking_lot"
version = "0.11.1"
source = "registry+https://github.com/rust-lang/crates.io-index"
checksum = "6d7744ac029df22dca6284efe4e898991d28e3085c706c972bcd7da4a27a15eb"
dependencies = [
 "instant",
 "lock_api",
 "parking_lot_core",
]

[[package]]
name = "parking_lot_core"
version = "0.8.0"
source = "registry+https://github.com/rust-lang/crates.io-index"
checksum = "c361aa727dd08437f2f1447be8b59a33b0edd15e0fcee698f935613d9efbca9b"
dependencies = [
 "cfg-if 0.1.10",
 "cloudabi",
 "instant",
 "libc",
 "redox_syscall",
 "smallvec",
 "winapi 0.3.9",
]

[[package]]
name = "parse_duration"
version = "2.1.0"
source = "registry+https://github.com/rust-lang/crates.io-index"
checksum = "dc8d8324ba4f571dbac55dea78c76f72681fcc488b51a9ee7ddb10263e7e92ae"
dependencies = [
 "lazy_static",
 "num",
 "regex",
]

[[package]]
name = "pico-args"
version = "0.3.4"
source = "registry+https://github.com/rust-lang/crates.io-index"
checksum = "28b9b4df73455c861d7cbf8be42f01d3b373ed7f02e378d55fa84eafc6f638b1"

[[package]]
name = "ppv-lite86"
version = "0.2.10"
source = "registry+https://github.com/rust-lang/crates.io-index"
checksum = "ac74c624d6b2d21f425f752262f42188365d7b8ff1aff74c82e45136510a4857"

[[package]]
name = "predicates"
version = "1.0.5"
source = "registry+https://github.com/rust-lang/crates.io-index"
checksum = "96bfead12e90dccead362d62bb2c90a5f6fc4584963645bc7f71a735e0b0735a"
dependencies = [
 "difference",
 "float-cmp",
 "normalize-line-endings",
 "predicates-core",
 "regex",
]

[[package]]
name = "predicates-core"
version = "1.0.0"
source = "registry+https://github.com/rust-lang/crates.io-index"
checksum = "06075c3a3e92559ff8929e7a280684489ea27fe44805174c3ebd9328dcb37178"

[[package]]
name = "predicates-tree"
version = "1.0.0"
source = "registry+https://github.com/rust-lang/crates.io-index"
checksum = "8e63c4859013b38a76eca2414c64911fba30def9e3202ac461a2d22831220124"
dependencies = [
 "predicates-core",
 "treeline",
]

[[package]]
name = "proc-macro2"
version = "1.0.24"
source = "registry+https://github.com/rust-lang/crates.io-index"
checksum = "1e0704ee1a7e00d7bb417d0770ea303c1bccbabf0ef1667dae92b5967f5f8a71"
dependencies = [
 "unicode-xid",
]

[[package]]
name = "quote"
version = "1.0.7"
source = "registry+https://github.com/rust-lang/crates.io-index"
checksum = "aa563d17ecb180e500da1cfd2b028310ac758de548efdd203e18f283af693f37"
dependencies = [
 "proc-macro2",
]

[[package]]
name = "rand"
version = "0.7.3"
source = "registry+https://github.com/rust-lang/crates.io-index"
checksum = "6a6b1679d49b24bbfe0c803429aa1874472f50d9b363131f0e89fc356b544d03"
dependencies = [
 "getrandom",
 "libc",
 "rand_chacha",
 "rand_core",
 "rand_hc",
]

[[package]]
name = "rand_chacha"
version = "0.2.2"
source = "registry+https://github.com/rust-lang/crates.io-index"
checksum = "f4c8ed856279c9737206bf725bf36935d8666ead7aa69b52be55af369d193402"
dependencies = [
 "ppv-lite86",
 "rand_core",
]

[[package]]
name = "rand_core"
version = "0.5.1"
source = "registry+https://github.com/rust-lang/crates.io-index"
checksum = "90bde5296fc891b0cef12a6d03ddccc162ce7b2aff54160af9338f8d40df6d19"
dependencies = [
 "getrandom",
]

[[package]]
name = "rand_hc"
version = "0.2.0"
source = "registry+https://github.com/rust-lang/crates.io-index"
checksum = "ca3129af7b92a17112d59ad498c6f81eaf463253766b90396d39ea7a39d6613c"
dependencies = [
 "rand_core",
]

[[package]]
name = "redox_syscall"
version = "0.1.57"
source = "registry+https://github.com/rust-lang/crates.io-index"
checksum = "41cc0f7e4d5d4544e8861606a285bb08d3e70712ccc7d2b84d7c0ccfaf4b05ce"

[[package]]
name = "redox_users"
version = "0.3.5"
source = "registry+https://github.com/rust-lang/crates.io-index"
checksum = "de0737333e7a9502c789a36d7c7fa6092a49895d4faa31ca5df163857ded2e9d"
dependencies = [
 "getrandom",
 "redox_syscall",
]

[[package]]
name = "regex"
version = "1.4.2"
source = "registry+https://github.com/rust-lang/crates.io-index"
checksum = "38cf2c13ed4745de91a5eb834e11c00bcc3709e773173b2ce4c56c9fbde04b9c"
dependencies = [
 "aho-corasick",
 "memchr",
 "regex-syntax",
 "thread_local",
]

[[package]]
name = "regex-automata"
version = "0.1.9"
source = "registry+https://github.com/rust-lang/crates.io-index"
checksum = "ae1ded71d66a4a97f5e961fd0cb25a5f366a42a41570d16a763a69c092c26ae4"
dependencies = [
 "byteorder",
]

[[package]]
name = "regex-syntax"
version = "0.6.21"
source = "registry+https://github.com/rust-lang/crates.io-index"
checksum = "3b181ba2dcf07aaccad5448e8ead58db5b742cf85dfe035e2227f137a539a189"

[[package]]
name = "remove_dir_all"
version = "0.5.3"
source = "registry+https://github.com/rust-lang/crates.io-index"
checksum = "3acd125665422973a33ac9d3dd2df85edad0f4ae9b00dafb1a05e43a9f5ef8e7"
dependencies = [
 "winapi 0.3.9",
]

[[package]]
name = "ryu"
version = "1.0.5"
source = "registry+https://github.com/rust-lang/crates.io-index"
checksum = "71d301d4193d031abdd79ff7e3dd721168a9572ef3fe51a1517aba235bd8f86e"

[[package]]
name = "same-file"
version = "1.0.6"
source = "registry+https://github.com/rust-lang/crates.io-index"
checksum = "93fc1dc3aaa9bfed95e02e6eadabb4baf7e3078b0bd1b4d7b6b0b68378900502"
dependencies = [
 "winapi-util",
]

[[package]]
name = "scopeguard"
version = "1.1.0"
source = "registry+https://github.com/rust-lang/crates.io-index"
checksum = "d29ab0c6d3fc0ee92fe66e2d99f700eab17a8d57d1c1d3b748380fb20baa78cd"

[[package]]
name = "serde"
version = "1.0.117"
source = "registry+https://github.com/rust-lang/crates.io-index"
checksum = "b88fa983de7720629c9387e9f517353ed404164b1e482c970a90c1a4aaf7dc1a"
dependencies = [
 "serde_derive",
]

[[package]]
name = "serde_derive"
version = "1.0.117"
source = "registry+https://github.com/rust-lang/crates.io-index"
checksum = "cbd1ae72adb44aab48f325a02444a5fc079349a8d804c1fc922aed3f7454c74e"
dependencies = [
 "proc-macro2",
 "quote",
 "syn",
]

[[package]]
name = "signal-hook"
version = "0.1.16"
source = "registry+https://github.com/rust-lang/crates.io-index"
checksum = "604508c1418b99dfe1925ca9224829bb2a8a9a04dda655cc01fcad46f4ab05ed"
dependencies = [
 "libc",
 "mio 0.7.6",
 "signal-hook-registry",
]

[[package]]
name = "signal-hook-registry"
version = "1.2.2"
source = "registry+https://github.com/rust-lang/crates.io-index"
checksum = "ce32ea0c6c56d5eacaeb814fbed9960547021d3edd010ded1425f180536b20ab"
dependencies = [
 "libc",
]

[[package]]
name = "slab"
version = "0.4.2"
source = "registry+https://github.com/rust-lang/crates.io-index"
checksum = "c111b5bd5695e56cffe5129854aa230b39c93a305372fdbb2668ca2394eea9f8"

[[package]]
name = "smallvec"
version = "1.5.0"
source = "registry+https://github.com/rust-lang/crates.io-index"
checksum = "7acad6f34eb9e8a259d3283d1e8c1d34d7415943d4895f65cc73813c7396fc85"

[[package]]
name = "socket2"
version = "0.3.17"
source = "registry+https://github.com/rust-lang/crates.io-index"
checksum = "2c29947abdee2a218277abeca306f25789c938e500ea5a9d4b12a5a504466902"
dependencies = [
 "cfg-if 1.0.0",
 "libc",
 "redox_syscall",
 "winapi 0.3.9",
]

[[package]]
name = "strum"
version = "0.19.5"
source = "registry+https://github.com/rust-lang/crates.io-index"
checksum = "b89a286a7e3b5720b9a477b23253bc50debac207c8d21505f8e70b36792f11b5"

[[package]]
name = "strum_macros"
version = "0.19.4"
source = "registry+https://github.com/rust-lang/crates.io-index"
checksum = "e61bb0be289045cb80bfce000512e32d09f8337e54c186725da381377ad1f8d5"
dependencies = [
 "heck",
 "proc-macro2",
 "quote",
 "syn",
]

[[package]]
name = "syn"
version = "1.0.51"
source = "registry+https://github.com/rust-lang/crates.io-index"
checksum = "3b4f34193997d92804d359ed09953e25d5138df6bcc055a71bf68ee89fdf9223"
dependencies = [
 "proc-macro2",
 "quote",
 "unicode-xid",
]

[[package]]
name = "tempfile"
version = "3.1.0"
source = "registry+https://github.com/rust-lang/crates.io-index"
checksum = "7a6e24d9338a0a5be79593e2fa15a648add6138caa803e2d5bc782c371732ca9"
dependencies = [
 "cfg-if 0.1.10",
 "libc",
 "rand",
 "redox_syscall",
 "remove_dir_all",
 "winapi 0.3.9",
]

[[package]]
name = "termcolor"
version = "1.1.2"
source = "registry+https://github.com/rust-lang/crates.io-index"
checksum = "2dfed899f0eb03f32ee8c6a0aabdb8a7949659e3466561fc0adf54e26d88c5f4"
dependencies = [
 "winapi-util",
]

[[package]]
name = "thread_local"
version = "1.0.1"
source = "registry+https://github.com/rust-lang/crates.io-index"
checksum = "d40c6d1b69745a6ec6fb1ca717914848da4b44ae29d9b3080cbee91d72a69b14"
dependencies = [
 "lazy_static",
]

[[package]]
name = "time"
version = "0.1.44"
source = "registry+https://github.com/rust-lang/crates.io-index"
checksum = "6db9e6914ab8b1ae1c260a4ae7a49b6c5611b40328a735b21862567685e73255"
dependencies = [
 "libc",
 "wasi 0.10.0+wasi-snapshot-preview1",
 "winapi 0.3.9",
]

[[package]]
name = "toml"
version = "0.5.7"
source = "registry+https://github.com/rust-lang/crates.io-index"
checksum = "75cf45bb0bef80604d001caaec0d09da99611b3c0fd39d3080468875cdb65645"
dependencies = [
 "serde",
]

[[package]]
name = "treeline"
version = "0.1.0"
source = "registry+https://github.com/rust-lang/crates.io-index"
checksum = "a7f741b240f1a48843f9b8e0444fb55fb2a4ff67293b50a9179dfd5ea67f8d41"

[[package]]
name = "typenum"
version = "1.12.0"
source = "registry+https://github.com/rust-lang/crates.io-index"
checksum = "373c8a200f9e67a0c95e62a4f52fbf80c23b4381c05a17845531982fa99e6b33"

[[package]]
name = "unicode-segmentation"
version = "1.7.1"
source = "registry+https://github.com/rust-lang/crates.io-index"
checksum = "bb0d2e7be6ae3a5fa87eed5fb451aff96f2573d2694942e40543ae0bbe19c796"

[[package]]
name = "unicode-xid"
version = "0.2.1"
source = "registry+https://github.com/rust-lang/crates.io-index"
checksum = "f7fe0bb3479651439c9112f72b6c505038574c9fbb575ed1bf3b797fa39dd564"

[[package]]
name = "uom"
version = "0.30.0"
source = "registry+https://github.com/rust-lang/crates.io-index"
checksum = "e76503e636584f1e10b9b3b9498538279561adcef5412927ba00c2b32c4ce5ed"
dependencies = [
 "num-traits",
 "typenum",
]

[[package]]
name = "wait-timeout"
version = "0.2.0"
source = "registry+https://github.com/rust-lang/crates.io-index"
checksum = "9f200f5b12eb75f8c1ed65abd4b2db8a6e1b138a20de009dacee265a2498f3f6"
dependencies = [
 "libc",
]

[[package]]
name = "walkdir"
version = "2.3.1"
source = "registry+https://github.com/rust-lang/crates.io-index"
checksum = "777182bc735b6424e1a57516d35ed72cb8019d85c8c9bf536dccb3445c1a2f7d"
dependencies = [
 "same-file",
 "winapi 0.3.9",
 "winapi-util",
]

[[package]]
name = "wasi"
version = "0.9.0+wasi-snapshot-preview1"
source = "registry+https://github.com/rust-lang/crates.io-index"
checksum = "cccddf32554fecc6acb585f82a32a72e28b48f8c4c1883ddfeeeaa96f7d8e519"

[[package]]
name = "wasi"
version = "0.10.0+wasi-snapshot-preview1"
source = "registry+https://github.com/rust-lang/crates.io-index"
checksum = "1a143597ca7c7793eff794def352d41792a93c481eb1042423ff7ff72ba2c31f"

[[package]]
name = "winapi"
version = "0.2.8"
source = "registry+https://github.com/rust-lang/crates.io-index"
checksum = "167dc9d6949a9b857f3451275e911c3f44255842c1f7a76f33c55103a909087a"

[[package]]
name = "winapi"
version = "0.3.9"
source = "registry+https://github.com/rust-lang/crates.io-index"
checksum = "5c839a674fcd7a98952e593242ea400abe93992746761e38641405d28b00f419"
dependencies = [
 "winapi-i686-pc-windows-gnu",
 "winapi-x86_64-pc-windows-gnu",
]

[[package]]
name = "winapi-build"
version = "0.1.1"
source = "registry+https://github.com/rust-lang/crates.io-index"
checksum = "2d315eee3b34aca4797b2da6b13ed88266e6d612562a0c46390af8299fc699bc"

[[package]]
name = "winapi-i686-pc-windows-gnu"
version = "0.4.0"
source = "registry+https://github.com/rust-lang/crates.io-index"
checksum = "ac3b87c63620426dd9b991e5ce0329eff545bccbbb34f3be09ff6fb6ab51b7b6"

[[package]]
name = "winapi-util"
version = "0.1.5"
source = "registry+https://github.com/rust-lang/crates.io-index"
checksum = "70ec6ce85bb158151cae5e5c87f95a8e97d2c0c4b001223f33a334e3ce5de178"
dependencies = [
 "winapi 0.3.9",
]

[[package]]
name = "winapi-x86_64-pc-windows-gnu"
version = "0.4.0"
source = "registry+https://github.com/rust-lang/crates.io-index"
checksum = "712e227841d057c1ee1cd2fb22fa7e5a5461ae8e48fa2ca79ec42cfc1931183f"

[[package]]
name = "ws2_32-sys"
version = "0.2.1"
source = "registry+https://github.com/rust-lang/crates.io-index"
checksum = "d59cefebd0c892fa2dd6de581e937301d8552cb44489cdff035c6187cb63fa5e"
dependencies = [
 "winapi 0.2.8",
 "winapi-build",
]
